
Microsoft Visual Studio Solution File, Format Version 12.00
# Visual Studio Version 17
VisualStudioVersion = 17.0.31912.275
MinimumVisualStudioVersion = 10.0.40219.1
Project("{FAE04EC0-301F-11D3-BF4B-00C04F79EFBC}") = "ConsoleApp3", "ConsoleApp3.csproj", "{AA143DE0-7B89-416A-812C-2C9C1D2FA19B}"
EndProject
Global
	GlobalSection(SolutionConfigurationPlatforms) = preSolution
		Debug|Any CPU = Debug|Any CPU
		Release|Any CPU = Release|Any CPU
	EndGlobalSection
	GlobalSection(ProjectConfigurationPlatforms) = postSolution
		{AA143DE0-7B89-416A-812C-2C9C1D2FA19B}.Debug|Any CPU.ActiveCfg = Debug|Any CPU
		{AA143DE0-7B89-416A-812C-2C9C1D2FA19B}.Debug|Any CPU.Build.0 = Debug|Any CPU
		{AA143DE0-7B89-416A-812C-2C9C1D2FA19B}.Release|Any CPU.ActiveCfg = Release|Any CPU
		{AA143DE0-7B89-416A-812C-2C9C1D2FA19B}.Release|Any CPU.Build.0 = Release|Any CPU
	EndGlobalSection
	GlobalSection(SolutionProperties) = preSolution
		HideSolutionNode = FALSE
	EndGlobalSection
	GlobalSection(ExtensibilityGlobals) = postSolution
		SolutionGuid = {BE7B632C-E74C-454B-9E92-B66C182AD4D2}
	EndGlobalSection
EndGlobal
